{
  "nodes": {
    "nixpkgs": {
      "locked": {
        "lastModified": 0,
        "narHash": "sha256-/qlNWm/IEVVH7GfgAIyP6EsVZI6zjAx1cV5zNyrs+rI=",
        "path": "/nix/store/khbvilmsrv4l69nwd52h27j1mp44a0xi-source",
        "type": "path"
      },
      "original": {
        "id": "nixpkgs",
        "type": "indirect"
      }
    },
    "root": {
      "inputs": {
        "nixpkgs": "nixpkgs",
        "rust-overlay": "rust-overlay"
      }
    },
    "rust-overlay": {
      "inputs": {
        "nixpkgs": [
          "nixpkgs"
        ]
      },
      "locked": {
        "lastModified": 1736476219,
        "narHash": "sha256-+qyv3QqdZCdZ3cSO/cbpEY6tntyYjfe1bB12mdpNFaY=",
        "owner": "oxalica",
        "repo": "rust-overlay",
        "rev": "de30cc5963da22e9742bbbbb9a3344570ed237b9",
        "type": "github"
      },
      "original": {
        "owner": "oxalica",
        "repo": "rust-overlay",
        "type": "github"
      }
    }
  },
  "root": "root",
  "version": 7
}
